// !$*UTF8*$!
{
	archiveVersion = 1;
	classes = {
	};
	objectVersion = 46;
	objects = {

/* Begin PBXBuildFile section */
		F27D89F515A279D700B8FFD2 /* CalculatorBrain.m in Sources */ = {isa = PBXBuildFile; fileRef = F27D89F415A279D700B8FFD2 /* CalculatorBrain.m */; };
		F2BD545115A26BD300E37686 /* UIKit.framework in Frameworks */ = {isa = PBXBuildFile; fileRef = F2BD545015A26BD300E37686 /* UIKit.framework */; };
		F2BD545315A26BD300E37686 /* Foundation.framework in Frameworks */ = {isa = PBXBuildFile; fileRef = F2BD545215A26BD300E37686 /* Foundation.framework */; };
		F2BD545515A26BD300E37686 /* CoreGraphics.framework in Frameworks */ = {isa = PBXBuildFile; fileRef = F2BD545415A26BD300E37686 /* CoreGraphics.framework */; };
		F2BD545B15A26BD300E37686 /* InfoPlist.strings in Resources */ = {isa = PBXBuildFile; fileRef = F2BD545915A26BD300E37686 /* InfoPlist.strings */; };
		F2BD545D15A26BD300E37686 /* main.m in Sources */ = {isa = PBXBuildFile; fileRef = F2BD545C15A26BD300E37686 /* main.m */; };
		F2BD546115A26BD400E37686 /* CalculatorAppDelegate.m in Sources */ = {isa = PBXBuildFile; fileRef = F2BD546015A26BD400E37686 /* CalculatorAppDelegate.m */; };
		F2BD546415A26BD400E37686 /* MainStoryboard.storyboard in Resources */ = {isa = PBXBuildFile; fileRef = F2BD546215A26BD400E37686 /* MainStoryboard.storyboard */; };
		F2BD546715A26BD400E37686 /* CalculatorViewController.m in Sources */ = {isa = PBXBuildFile; fileRef = F2BD546615A26BD400E37686 /* CalculatorViewController.m */; };
/* End PBXBuildFile section */

/* Begin PBXFileReference section */
		F27D89F315A279D700B8FFD2 /* CalculatorBrain.h */ = {isa = PBXFileReference; fileEncoding = 4; lastKnownFileType = sourcecode.c.h; path = CalculatorBrain.h; sourceTree = "<group>"; };
		F27D89F415A279D700B8FFD2 /* CalculatorBrain.m */ = {isa = PBXFileReference; fileEncoding = 4; lastKnownFileType = sourcecode.c.objc; path = CalculatorBrain.m; sourceTree = "<group>"; };
		F2BD544C15A26BD300E37686 /* Calculator.app */ = {isa = PBXFileReference; explicitFileType = wrapper.application; includeInIndex = 0; path = Calculator.app; sourceTree = BUILT_PRODUCTS_DIR; };
		F2BD545015A26BD300E37686 /* UIKit.framework */ = {isa = PBXFileReference; lastKnownFileType = wrapper.framework; name = UIKit.framework; path = System/Library/Frameworks/UIKit.framework; sourceTree = SDKROOT; };
		F2BD545215A26BD300E37686 /* Foundation.framework */ = {isa = PBXFileReference; lastKnownFileType = wrapper.framework; name = Foundation.framework; path = System/Library/Frameworks/Foundation.framework; sourceTree = SDKROOT; };
		F2BD545415A26BD300E37686 /* CoreGraphics.framework */ = {isa = PBXFileReference; lastKnownFileType = wrapper.framework; name = CoreGraphics.framework; path = System/Library/Frameworks/CoreGraphics.framework; sourceTree = SDKROOT; };
		F2BD545815A26BD300E37686 /* Calculator-Info.plist */ = {isa = PBXFileReference; lastKnownFileType = text.plist.xml; path = "Calculator-Info.plist"; sourceTree = "<group>"; };
		F2BD545A15A26BD300E37686 /* en */ = {isa = PBXFileReference; lastKnownFileType = text.plist.strings; name = en; path = en.lproj/InfoPlist.strings; sourceTree = "<group>"; };
		F2BD545C15A26BD300E37686 /* main.m */ = {isa = PBXFileReference; lastKnownFileType = sourcecode.c.objc; path = main.m; sourceTree = "<group>"; };
		F2BD545E15A26BD300E37686 /* Calculator-Prefix.pch */ = {isa = PBXFileReference; lastKnownFileType = sourcecode.c.h; path = "Calculator-Prefix.pch"; sourceTree = "<group>"; };
		F2BD545F15A26BD300E37686 /* CalculatorAppDelegate.h */ = {isa = PBXFileReference; lastKnownFileType = sourcecode.c.h; path = CalculatorAppDelegate.h; sourceTree = "<group>"; };
		F2BD546015A26BD400E37686 /* CalculatorAppDelegate.m */ = {isa = PBXFileReference; lastKnownFileType = sourcecode.c.objc; path = CalculatorAppDelegate.m; sourceTree = "<group>"; };
		F2BD546315A26BD400E37686 /* en */ = {isa = PBXFileReference; lastKnownFileType = file.storyboard; name = en; path = en.lproj/MainStoryboard.storyboard; sourceTree = "<group>"; };
		F2BD546515A26BD400E37686 /* CalculatorViewController.h */ = {isa = PBXFileReference; lastKnownFileType = sourcecode.c.h; path = CalculatorViewController.h; sourceTree = "<group>"; };
		F2BD546615A26BD400E37686 /* CalculatorViewController.m */ = {isa = PBXFileReference; lastKnownFileType = sourcecode.c.objc; path = CalculatorViewController.m; sourceTree = "<group>"; };
/* End PBXFileReference section */

/* Begin PBXFrameworksBuildPhase section */
		F2BD544915A26BD300E37686 /* Frameworks */ = {
			isa = PBXFrameworksBuildPhase;
			buildActionMask = 2147483647;
			files = (
				F2BD545115A26BD300E37686 /* UIKit.framework in Frameworks */,
				F2BD545315A26BD300E37686 /* Foundation.framework in Frameworks */,
				F2BD545515A26BD300E37686 /* CoreGraphics.framework in Frameworks */,
			);
			runOnlyForDeploymentPostprocessing = 0;
		};
/* End PBXFrameworksBuildPhase section */

/* Begin PBXGroup section */
		F2BD544115A26BD300E37686 = {
			isa = PBXGroup;
			children = (
				F2BD545615A26BD300E37686 /* Calculator */,
				F2BD544F15A26BD300E37686 /* Frameworks */,
				F2BD544D15A26BD300E37686 /* Products */,
			);
			sourceTree = "<group>";
		};
		F2BD544D15A26BD300E37686 /* Products */ = {
			isa = PBXGroup;
			children = (
				F2BD544C15A26BD300E37686 /* Calculator.app */,
			);
			name = Products;
			sourceTree = "<group>";
		};
		F2BD544F15A26BD300E37686 /* Frameworks */ = {
			isa = PBXGroup;
			children = (
				F2BD545015A26BD300E37686 /* UIKit.framework */,
				F2BD545215A26BD300E37686 /* Foundation.framework */,
				F2BD545415A26BD300E37686 /* CoreGraphics.framework */,
			);
			name = Frameworks;
			sourceTree = "<group>";
		};
		F2BD545615A26BD300E37686 /* Calculator */ = {
			isa = PBXGroup;
			children = (
				F2BD545F15A26BD300E37686 /* CalculatorAppDelegate.h */,
				F2BD546015A26BD400E37686 /* CalculatorAppDelegate.m */,
				F2BD546215A26BD400E37686 /* MainStoryboard.storyboard */,
				F27D89F315A279D700B8FFD2 /* CalculatorBrain.h */,
				F27D89F415A279D700B8FFD2 /* CalculatorBrain.m */,
				F2BD546515A26BD400E37686 /* CalculatorViewController.h */,
				F2BD546615A26BD400E37686 /* CalculatorViewController.m */,
				F2BD545715A26BD300E37686 /* Supporting Files */,
			);
			path = Calculator;
			sourceTree = "<group>";
		};
		F2BD545715A26BD300E37686 /* Supporting Files */ = {
			isa = PBXGroup;
			children = (
				F2BD545815A26BD300E37686 /* Calculator-Info.plist */,
				F2BD545915A26BD300E37686 /* InfoPlist.strings */,
				F2BD545C15A26BD300E37686 /* main.m */,
				F2BD545E15A26BD300E37686 /* Calculator-Prefix.pch */,
			);
			name = "Supporting Files";
			sourceTree = "<group>";
		};
/* End PBXGroup section */

/* Begin PBXNativeTarget section */
		F2BD544B15A26BD300E37686 /* Calculator */ = {
			isa = PBXNativeTarget;
			buildConfigurationList = F2BD546A15A26BD400E37686 /* Build configuration list for PBXNativeTarget "Calculator" */;
			buildPhases = (
				F2BD544815A26BD300E37686 /* Sources */,
				F2BD544915A26BD300E37686 /* Frameworks */,
				F2BD544A15A26BD300E37686 /* Resources */,
			);
			buildRules = (
			);
			dependencies = (
			);
			name = Calculator;
			productName = Calculator;
			productReference = F2BD544C15A26BD300E37686 /* Calculator.app */;
			productType = "com.apple.product-type.application";
		};
/* End PBXNativeTarget section */

/* Begin PBXProject section */
		F2BD544315A26BD300E37686 /* Project object */ = {
			isa = PBXProject;
			attributes = {
				CLASSPREFIX = Calculator;
				LastUpgradeCheck = 0430;
				ORGANIZATIONNAME = "Norimasa Nabeta";
			};
			buildConfigurationList = F2BD544615A26BD300E37686 /* Build configuration list for PBXProject "Calculator" */;
			compatibilityVersion = "Xcode 3.2";
			developmentRegion = English;
			hasScannedForEncodings = 0;
			knownRegions = (
				en,
			);
			mainGroup = F2BD544115A26BD300E37686;
			productRefGroup = F2BD544D15A26BD300E37686 /* Products */;
			projectDirPath = "";
			projectRoot = "";
			targets = (
				F2BD544B15A26BD300E37686 /* Calculator */,
			);
		};
/* End PBXProject section */

/* Begin PBXResourcesBuildPhase section */
		F2BD544A15A26BD300E37686 /* Resources */ = {
			isa = PBXResourcesBuildPhase;
			buildActionMask = 2147483647;
			files = (
				F2BD545B15A26BD300E37686 /* InfoPlist.strings in Resources */,
				F2BD546415A26BD400E37686 /* MainStoryboard.storyboard in Resources */,
			);
			runOnlyForDeploymentPostprocessing = 0;
		};
/* End PBXResourcesBuildPhase section */

/* Begin PBXSourcesBuildPhase section */
		F2BD544815A26BD300E37686 /* Sources */ = {
			isa = PBXSourcesBuildPhase;
			buildActionMask = 2147483647;
			files = (
				F2BD545D15A26BD300E37686 /* main.m in Sources */,
				F2BD546115A26BD400E37686 /* CalculatorAppDelegate.m in Sources */,
				F2BD546715A26BD400E37686 /* CalculatorViewController.m in Sources */,
				F27D89F515A279D700B8FFD2 /* CalculatorBrain.m in Sources */,
			);
			runOnlyForDeploymentPostprocessing = 0;
		};
/* End PBXSourcesBuildPhase section */

/* Begin PBXVariantGroup section */
		F2BD545915A26BD300E37686 /* InfoPlist.strings */ = {
			isa = PBXVariantGroup;
			children = (
				F2BD545A15A26BD300E37686 /* en */,
			);
			name = InfoPlist.strings;
			sourceTree = "<group>";
		};
		F2BD546215A26BD400E37686 /* MainStoryboard.storyboard */ = {
			isa = PBXVariantGroup;
			children = (
				F2BD546315A26BD400E37686 /* en */,
			);
			name = MainStoryboard.storyboard;
			sourceTree = "<group>";
		};
/* End PBXVariantGroup section */

/* Begin XCBuildConfiguration section */
		F2BD546815A26BD400E37686 /* Debug */ = {
			isa = XCBuildConfiguration;
			buildSettings = {
				ALWAYS_SEARCH_USER_PATHS = NO;
				ARCHS = "$(ARCHS_STANDARD_32_BIT)";
				CLANG_ENABLE_OBJC_ARC = YES;
				"CODE_SIGN_IDENTITY[sdk=iphoneos*]" = "iPhone Developer";
				COPY_PHASE_STRIP = NO;
				GCC_C_LANGUAGE_STANDARD = gnu99;
				GCC_DYNAMIC_NO_PIC = NO;
				GCC_OPTIMIZATION_LEVEL = 0;
				GCC_PREPROCESSOR_DEFINITIONS = (
					"DEBUG=1",
					"$(inherited)",
				);
				GCC_SYMBOLS_PRIVATE_EXTERN = NO;
				GCC_VERSION = com.apple.compilers.llvm.clang.1_0;
				GCC_WARN_ABOUT_RETURN_TYPE = YES;
				GCC_WARN_UNINITIALIZED_AUTOS = YES;
				GCC_WARN_UNUSED_VARIABLE = YES;
				IPHONEOS_DEPLOYMENT_TARGET = 5.1;
				SDKROOT = iphoneos;
			};
			name = Debug;
		};
		F2BD546915A26BD400E37686 /* Release */ = {
			isa = XCBuildConfiguration;
			buildSettings = {
				ALWAYS_SEARCH_USER_PATHS = NO;
				ARCHS = "$(ARCHS_STANDARD_32_BIT)";
				CLANG_ENABLE_OBJC_ARC = YES;
				"CODE_SIGN_IDENTITY[sdk=iphoneos*]" = "iPhone Developer";
				COPY_PHASE_STRIP = YES;
				GCC_C_LANGUAGE_STANDARD = gnu99;
				GCC_VERSION = com.apple.compilers.llvm.clang.1_0;
				GCC_WARN_ABOUT_RETURN_TYPE = YES;
				GCC_WARN_UNINITIALIZED_AUTOS = YES;
				GCC_WARN_UNUSED_VARIABLE = YES;
				IPHONEOS_DEPLOYMENT_TARGET = 5.1;
				OTHER_CFLAGS = "-DNS_BLOCK_ASSERTIONS=1";
				SDKROOT = iphoneos;
				VALIDATE_PRODUCT = YES;
			};
			name = Release;
		};
		F2BD546B15A26BD400E37686 /* Debug */ = {
			isa = XCBuildConfiguration;
			buildSettings = {
				GCC_PRECOMPILE_PREFIX_HEADER = YES;
				GCC_PREFIX_HEADER = "Calculator/Calculator-Prefix.pch";
				INFOPLIST_FILE = "Calculator/Calculator-Info.plist";
				PRODUCT_NAME = "$(TARGET_NAME)";
				WRAPPER_EXTENSION = app;
			};
			name = Debug;
		};
		F2BD546C15A26BD400E37686 /* Release */ = {
			isa = XCBuildConfiguration;
			buildSettings = {
				GCC_PRECOMPILE_PREFIX_HEADER = YES;
				GCC_PREFIX_HEADER = "Calculator/Calculator-Prefix.pch";
				INFOPLIST_FILE = "Calculator/Calculator-Info.plist";
				PRODUCT_NAME = "$(TARGET_NAME)";
				WRAPPER_EXTENSION = app;
			};
			name = Release;
		};
/* End XCBuildConfiguration section */

/* Begin XCConfigurationList section */
		F2BD544615A26BD300E37686 /* Build configuration list for PBXProject "Calculator" */ = {
			isa = XCConfigurationList;
			buildConfigurations = (
				F2BD546815A26BD400E37686 /* Debug */,
				F2BD546915A26BD400E37686 /* Release */,
			);
			defaultConfigurationIsVisible = 0;
			defaultConfigurationName = Release;
		};
		F2BD546A15A26BD400E37686 /* Build configuration list for PBXNativeTarget "Calculator" */ = {
			isa = XCConfigurationList;
			buildConfigurations = (
				F2BD546B15A26BD400E37686 /* Debug */,
				F2BD546C15A26BD400E37686 /* Release */,
			);
			defaultConfigurationIsVisible = 0;
			defaultConfigurationName = Release;
		};
/* End XCConfigurationList section */
	};
	rootObject = F2BD544315A26BD300E37686 /* Project object */;
}
